
Microsoft Visual Studio Solution File, Format Version 12.00
# Visual Studio Version 17
VisualStudioVersion = 17.8.34309.116
MinimumVisualStudioVersion = 10.0.40219.1
Project("{9A19103F-16F7-4668-BE54-9A1E7A4F7556}") = "R3", "src\R3\R3.csproj", "{17F32115-0300-4842-8328-395AB56F6BD7}"
EndProject
Project("{2150E333-8FDC-42A3-9474-1A3956D46DE8}") = "src", "src", "{9FA6D327-728B-4436-AE3A-9E46D8FEF591}"
EndProject
Project("{2150E333-8FDC-42A3-9474-1A3956D46DE8}") = "sandbox", "sandbox", "{FAB2137C-1DBA-4F2F-8E22-DF3521C9B365}"
EndProject
Project("{9A19103F-16F7-4668-BE54-9A1E7A4F7556}") = "ConsoleApp1", "sandbox\ConsoleApp1\ConsoleApp1.csproj", "{72DE3CB9-195E-4740-9416-5960D75ED795}"
EndProject
Project("{2150E333-8FDC-42A3-9474-1A3956D46DE8}") = "tests", "tests", "{0544806B-3BB4-43CF-8277-BC612F32208D}"
EndProject
Project("{9A19103F-16F7-4668-BE54-9A1E7A4F7556}") = "R3.Tests", "tests\R3.Tests\R3.Tests.csproj", "{42F7C4F7-3BB3-4DC8-8285-9DFF7E93BC4B}"
EndProject
Project("{2150E333-8FDC-42A3-9474-1A3956D46DE8}") = "docs", "docs", "{C7327A31-448F-4A7D-9AC6-C06F5AA03D02}"
	ProjectSection(SolutionItems) = preProject
		.gitignore = .gitignore
		Directory.Build.props = Directory.Build.props
		README.md = README.md
	EndProjectSection
EndProject
Project("{9A19103F-16F7-4668-BE54-9A1E7A4F7556}") = "R3.WPF", "src\R3.WPF\R3.WPF.csproj", "{57AC0130-0D5F-489A-A565-B41EF9928085}"
EndProject
Project("{9A19103F-16F7-4668-BE54-9A1E7A4F7556}") = "WpfApp1", "sandbox\WpfApp1\WpfApp1.csproj", "{BA40E541-3BCD-438A-B966-2FC7BE80AB80}"
EndProject
Project("{9A19103F-16F7-4668-BE54-9A1E7A4F7556}") = "R3.Avalonia", "src\R3.Avalonia\R3.Avalonia.csproj", "{C492C048-732F-4F0D-AC09-03F3187ABB17}"
EndProject
Project("{9A19103F-16F7-4668-BE54-9A1E7A4F7556}") = "AvaloniaApplication1", "sandbox\AvaloniaApplication1\AvaloniaApplication1.csproj", "{978BECEF-5217-4531-B0B7-45BC8D820A28}"
EndProject
Project("{9A19103F-16F7-4668-BE54-9A1E7A4F7556}") = "R3.Godot", "src\R3.Godot\R3.Godot.csproj", "{B7A5DDB0-5F43-49D0-A047-D0D26626BE30}"
EndProject
Project("{9A19103F-16F7-4668-BE54-9A1E7A4F7556}") = "Benchmark", "sandbox\Benchmark\Benchmark.csproj", "{EBC13ACA-717D-4635-920A-5E0E211B0CF4}"
EndProject
Project("{9A19103F-16F7-4668-BE54-9A1E7A4F7556}") = "WinFormsApp1", "sandbox\WinFormsApp1\WinFormsApp1.csproj", "{E6418D3D-01AA-4176-A7CA-6878FA6E4238}"
EndProject
Project("{9A19103F-16F7-4668-BE54-9A1E7A4F7556}") = "R3.WinForms", "src\R3.WinForms\R3.WinForms.csproj", "{6598690F-B65B-4C49-824B-7474E735AE92}"
EndProject
Project("{9A19103F-16F7-4668-BE54-9A1E7A4F7556}") = "ReferenceBuilder", "sandbox\ReferenceBuilder\ReferenceBuilder.csproj", "{4298FE47-5434-4A0B-9793-6B771E6FC4CA}"
EndProject
Project("{9A19103F-16F7-4668-BE54-9A1E7A4F7556}") = "R3.Stride", "src\R3.Stride\R3.Stride.csproj", "{A6554704-FE57-4473-BB46-8586F22472AA}"
EndProject
Project("{9A19103F-16F7-4668-BE54-9A1E7A4F7556}") = "R3.LogicLooper", "src\R3.LogicLooper\R3.LogicLooper.csproj", "{B95D732A-7538-4795-AC42-6F595ECB8DB8}"
EndProject
Project("{9A19103F-16F7-4668-BE54-9A1E7A4F7556}") = "MauiApp1", "sandbox\MauiApp1\MauiApp1.csproj", "{2CD257D7-DF21-4D60-AC05-747D83236E5A}"
EndProject
Project("{9A19103F-16F7-4668-BE54-9A1E7A4F7556}") = "R3.Maui", "src\R3.Maui\R3.Maui.csproj", "{F1D6609C-AA33-4099-8932-BADBCB935FBD}"
EndProject
Project("{9A19103F-16F7-4668-BE54-9A1E7A4F7556}") = "MonoGameApplication1", "sandbox\MonoGameApplication1\MonoGameApplication1.csproj", "{BEF76A77-E2F9-4113-8DC2-DB825964D6EF}"
EndProject
Project("{9A19103F-16F7-4668-BE54-9A1E7A4F7556}") = "R3.MonoGame", "src\R3.MonoGame\R3.MonoGame.csproj", "{D754069D-C912-4D71-97CB-9B2DDD2380B4}"
EndProject
Project("{9A19103F-16F7-4668-BE54-9A1E7A4F7556}") = "R3.WinUI3", "src\R3.WinUI3\R3.WinUI3.csproj", "{87F12DBB-E32B-49B8-B5F1-5B53B711989B}"
EndProject
Project("{9A19103F-16F7-4668-BE54-9A1E7A4F7556}") = "WinUI3App1", "sandbox\WinUI3App1\WinUI3App1.csproj", "{CDC17599-81AD-44B9-B4E5-38241147CDA2}"
EndProject
Project("{9A19103F-16F7-4668-BE54-9A1E7A4F7556}") = "BlazorApp1", "sandbox\BlazorApp1\BlazorApp1.csproj", "{F55F3891-FD11-4C69-9DB6-0CC24B591F59}"
EndProject
Project("{9A19103F-16F7-4668-BE54-9A1E7A4F7556}") = "R3.Blazor", "src\R3.Blazor\R3.Blazor.csproj", "{EC0E35F9-9362-41CB-8F8F-797547803892}"
EndProject
Project("{9A19103F-16F7-4668-BE54-9A1E7A4F7556}") = "R3.BlazorWebAssembly", "src\R3.BlazorWebAssembly\R3.BlazorWebAssembly.csproj", "{3C77C89F-AA56-4C0A-9635-C0795F41C65C}"
EndProject
Project("{9A19103F-16F7-4668-BE54-9A1E7A4F7556}") = "BlazorWebAssemblyApp1", "sandbox\BlazorWebAssemblyApp1\BlazorWebAssemblyApp1.csproj", "{C55C88AE-1C1E-469A-A34A-AE508885D616}"
EndProject
Global
	GlobalSection(SolutionConfigurationPlatforms) = preSolution
		Debug|Any CPU = Debug|Any CPU
		Debug|ARM64 = Debug|ARM64
		Debug|x64 = Debug|x64
		Debug|x86 = Debug|x86
		Release|Any CPU = Release|Any CPU
		Release|ARM64 = Release|ARM64
		Release|x64 = Release|x64
		Release|x86 = Release|x86
	EndGlobalSection
	GlobalSection(ProjectConfigurationPlatforms) = postSolution
		{17F32115-0300-4842-8328-395AB56F6BD7}.Debug|Any CPU.ActiveCfg = Debug|Any CPU
		{17F32115-0300-4842-8328-395AB56F6BD7}.Debug|Any CPU.Build.0 = Debug|Any CPU
		{17F32115-0300-4842-8328-395AB56F6BD7}.Debug|ARM64.ActiveCfg = Debug|Any CPU
		{17F32115-0300-4842-8328-395AB56F6BD7}.Debug|ARM64.Build.0 = Debug|Any CPU
		{17F32115-0300-4842-8328-395AB56F6BD7}.Debug|x64.ActiveCfg = Debug|Any CPU
		{17F32115-0300-4842-8328-395AB56F6BD7}.Debug|x64.Build.0 = Debug|Any CPU
		{17F32115-0300-4842-8328-395AB56F6BD7}.Debug|x86.ActiveCfg = Debug|Any CPU
		{17F32115-0300-4842-8328-395AB56F6BD7}.Debug|x86.Build.0 = Debug|Any CPU
		{17F32115-0300-4842-8328-395AB56F6BD7}.Release|Any CPU.ActiveCfg = Release|Any CPU
		{17F32115-0300-4842-8328-395AB56F6BD7}.Release|Any CPU.Build.0 = Release|Any CPU
		{17F32115-0300-4842-8328-395AB56F6BD7}.Release|ARM64.ActiveCfg = Release|Any CPU
		{17F32115-0300-4842-8328-395AB56F6BD7}.Release|ARM64.Build.0 = Release|Any CPU
		{17F32115-0300-4842-8328-395AB56F6BD7}.Release|x64.ActiveCfg = Release|Any CPU
		{17F32115-0300-4842-8328-395AB56F6BD7}.Release|x64.Build.0 = Release|Any CPU
		{17F32115-0300-4842-8328-395AB56F6BD7}.Release|x86.ActiveCfg = Release|Any CPU
		{17F32115-0300-4842-8328-395AB56F6BD7}.Release|x86.Build.0 = Release|Any CPU
		{72DE3CB9-195E-4740-9416-5960D75ED795}.Debug|Any CPU.ActiveCfg = Debug|Any CPU
		{72DE3CB9-195E-4740-9416-5960D75ED795}.Debug|Any CPU.Build.0 = Debug|Any CPU
		{72DE3CB9-195E-4740-9416-5960D75ED795}.Debug|ARM64.ActiveCfg = Debug|Any CPU
		{72DE3CB9-195E-4740-9416-5960D75ED795}.Debug|ARM64.Build.0 = Debug|Any CPU
		{72DE3CB9-195E-4740-9416-5960D75ED795}.Debug|x64.ActiveCfg = Debug|Any CPU
		{72DE3CB9-195E-4740-9416-5960D75ED795}.Debug|x64.Build.0 = Debug|Any CPU
		{72DE3CB9-195E-4740-9416-5960D75ED795}.Debug|x86.ActiveCfg = Debug|Any CPU
		{72DE3CB9-195E-4740-9416-5960D75ED795}.Debug|x86.Build.0 = Debug|Any CPU
		{72DE3CB9-195E-4740-9416-5960D75ED795}.Release|Any CPU.ActiveCfg = Release|Any CPU
		{72DE3CB9-195E-4740-9416-5960D75ED795}.Release|Any CPU.Build.0 = Release|Any CPU
		{72DE3CB9-195E-4740-9416-5960D75ED795}.Release|ARM64.ActiveCfg = Release|Any CPU
		{72DE3CB9-195E-4740-9416-5960D75ED795}.Release|ARM64.Build.0 = Release|Any CPU
		{72DE3CB9-195E-4740-9416-5960D75ED795}.Release|x64.ActiveCfg = Release|Any CPU
		{72DE3CB9-195E-4740-9416-5960D75ED795}.Release|x64.Build.0 = Release|Any CPU
		{72DE3CB9-195E-4740-9416-5960D75ED795}.Release|x86.ActiveCfg = Release|Any CPU
		{72DE3CB9-195E-4740-9416-5960D75ED795}.Release|x86.Build.0 = Release|Any CPU
		{42F7C4F7-3BB3-4DC8-8285-9DFF7E93BC4B}.Debug|Any CPU.ActiveCfg = Debug|Any CPU
		{42F7C4F7-3BB3-4DC8-8285-9DFF7E93BC4B}.Debug|Any CPU.Build.0 = Debug|Any CPU
		{42F7C4F7-3BB3-4DC8-8285-9DFF7E93BC4B}.Debug|ARM64.ActiveCfg = Debug|Any CPU
		{42F7C4F7-3BB3-4DC8-8285-9DFF7E93BC4B}.Debug|ARM64.Build.0 = Debug|Any CPU
		{42F7C4F7-3BB3-4DC8-8285-9DFF7E93BC4B}.Debug|x64.ActiveCfg = Debug|Any CPU
		{42F7C4F7-3BB3-4DC8-8285-9DFF7E93BC4B}.Debug|x64.Build.0 = Debug|Any CPU
		{42F7C4F7-3BB3-4DC8-8285-9DFF7E93BC4B}.Debug|x86.ActiveCfg = Debug|Any CPU
		{42F7C4F7-3BB3-4DC8-8285-9DFF7E93BC4B}.Debug|x86.Build.0 = Debug|Any CPU
		{42F7C4F7-3BB3-4DC8-8285-9DFF7E93BC4B}.Release|Any CPU.ActiveCfg = Release|Any CPU
		{42F7C4F7-3BB3-4DC8-8285-9DFF7E93BC4B}.Release|Any CPU.Build.0 = Release|Any CPU
		{42F7C4F7-3BB3-4DC8-8285-9DFF7E93BC4B}.Release|ARM64.ActiveCfg = Release|Any CPU
		{42F7C4F7-3BB3-4DC8-8285-9DFF7E93BC4B}.Release|ARM64.Build.0 = Release|Any CPU
		{42F7C4F7-3BB3-4DC8-8285-9DFF7E93BC4B}.Release|x64.ActiveCfg = Release|Any CPU
		{42F7C4F7-3BB3-4DC8-8285-9DFF7E93BC4B}.Release|x64.Build.0 = Release|Any CPU
		{42F7C4F7-3BB3-4DC8-8285-9DFF7E93BC4B}.Release|x86.ActiveCfg = Release|Any CPU
		{42F7C4F7-3BB3-4DC8-8285-9DFF7E93BC4B}.Release|x86.Build.0 = Release|Any CPU
		{57AC0130-0D5F-489A-A565-B41EF9928085}.Debug|Any CPU.ActiveCfg = Debug|Any CPU
		{57AC0130-0D5F-489A-A565-B41EF9928085}.Debug|Any CPU.Build.0 = Debug|Any CPU
		{57AC0130-0D5F-489A-A565-B41EF9928085}.Debug|ARM64.ActiveCfg = Debug|Any CPU
		{57AC0130-0D5F-489A-A565-B41EF9928085}.Debug|ARM64.Build.0 = Debug|Any CPU
		{57AC0130-0D5F-489A-A565-B41EF9928085}.Debug|x64.ActiveCfg = Debug|Any CPU
		{57AC0130-0D5F-489A-A565-B41EF9928085}.Debug|x64.Build.0 = Debug|Any CPU
		{57AC0130-0D5F-489A-A565-B41EF9928085}.Debug|x86.ActiveCfg = Debug|Any CPU
		{57AC0130-0D5F-489A-A565-B41EF9928085}.Debug|x86.Build.0 = Debug|Any CPU
		{57AC0130-0D5F-489A-A565-B41EF9928085}.Release|Any CPU.ActiveCfg = Release|Any CPU
		{57AC0130-0D5F-489A-A565-B41EF9928085}.Release|Any CPU.Build.0 = Release|Any CPU
		{57AC0130-0D5F-489A-A565-B41EF9928085}.Release|ARM64.ActiveCfg = Release|Any CPU
		{57AC0130-0D5F-489A-A565-B41EF9928085}.Release|ARM64.Build.0 = Release|Any CPU
		{57AC0130-0D5F-489A-A565-B41EF9928085}.Release|x64.ActiveCfg = Release|Any CPU
		{57AC0130-0D5F-489A-A565-B41EF9928085}.Release|x64.Build.0 = Release|Any CPU
		{57AC0130-0D5F-489A-A565-B41EF9928085}.Release|x86.ActiveCfg = Release|Any CPU
		{57AC0130-0D5F-489A-A565-B41EF9928085}.Release|x86.Build.0 = Release|Any CPU
		{BA40E541-3BCD-438A-B966-2FC7BE80AB80}.Debug|Any CPU.ActiveCfg = Debug|Any CPU
		{BA40E541-3BCD-438A-B966-2FC7BE80AB80}.Debug|Any CPU.Build.0 = Debug|Any CPU
		{BA40E541-3BCD-438A-B966-2FC7BE80AB80}.Debug|ARM64.ActiveCfg = Debug|Any CPU
		{BA40E541-3BCD-438A-B966-2FC7BE80AB80}.Debug|ARM64.Build.0 = Debug|Any CPU
		{BA40E541-3BCD-438A-B966-2FC7BE80AB80}.Debug|x64.ActiveCfg = Debug|Any CPU
		{BA40E541-3BCD-438A-B966-2FC7BE80AB80}.Debug|x64.Build.0 = Debug|Any CPU
		{BA40E541-3BCD-438A-B966-2FC7BE80AB80}.Debug|x86.ActiveCfg = Debug|Any CPU
		{BA40E541-3BCD-438A-B966-2FC7BE80AB80}.Debug|x86.Build.0 = Debug|Any CPU
		{BA40E541-3BCD-438A-B966-2FC7BE80AB80}.Release|Any CPU.ActiveCfg = Release|Any CPU
		{BA40E541-3BCD-438A-B966-2FC7BE80AB80}.Release|Any CPU.Build.0 = Release|Any CPU
		{BA40E541-3BCD-438A-B966-2FC7BE80AB80}.Release|ARM64.ActiveCfg = Release|Any CPU
		{BA40E541-3BCD-438A-B966-2FC7BE80AB80}.Release|ARM64.Build.0 = Release|Any CPU
		{BA40E541-3BCD-438A-B966-2FC7BE80AB80}.Release|x64.ActiveCfg = Release|Any CPU
		{BA40E541-3BCD-438A-B966-2FC7BE80AB80}.Release|x64.Build.0 = Release|Any CPU
		{BA40E541-3BCD-438A-B966-2FC7BE80AB80}.Release|x86.ActiveCfg = Release|Any CPU
		{BA40E541-3BCD-438A-B966-2FC7BE80AB80}.Release|x86.Build.0 = Release|Any CPU
		{C492C048-732F-4F0D-AC09-03F3187ABB17}.Debug|Any CPU.ActiveCfg = Debug|Any CPU
		{C492C048-732F-4F0D-AC09-03F3187ABB17}.Debug|Any CPU.Build.0 = Debug|Any CPU
		{C492C048-732F-4F0D-AC09-03F3187ABB17}.Debug|ARM64.ActiveCfg = Debug|Any CPU
		{C492C048-732F-4F0D-AC09-03F3187ABB17}.Debug|ARM64.Build.0 = Debug|Any CPU
		{C492C048-732F-4F0D-AC09-03F3187ABB17}.Debug|x64.ActiveCfg = Debug|Any CPU
		{C492C048-732F-4F0D-AC09-03F3187ABB17}.Debug|x64.Build.0 = Debug|Any CPU
		{C492C048-732F-4F0D-AC09-03F3187ABB17}.Debug|x86.ActiveCfg = Debug|Any CPU
		{C492C048-732F-4F0D-AC09-03F3187ABB17}.Debug|x86.Build.0 = Debug|Any CPU
		{C492C048-732F-4F0D-AC09-03F3187ABB17}.Release|Any CPU.ActiveCfg = Release|Any CPU
		{C492C048-732F-4F0D-AC09-03F3187ABB17}.Release|Any CPU.Build.0 = Release|Any CPU
		{C492C048-732F-4F0D-AC09-03F3187ABB17}.Release|ARM64.ActiveCfg = Release|Any CPU
		{C492C048-732F-4F0D-AC09-03F3187ABB17}.Release|ARM64.Build.0 = Release|Any CPU
		{C492C048-732F-4F0D-AC09-03F3187ABB17}.Release|x64.ActiveCfg = Release|Any CPU
		{C492C048-732F-4F0D-AC09-03F3187ABB17}.Release|x64.Build.0 = Release|Any CPU
		{C492C048-732F-4F0D-AC09-03F3187ABB17}.Release|x86.ActiveCfg = Release|Any CPU
		{C492C048-732F-4F0D-AC09-03F3187ABB17}.Release|x86.Build.0 = Release|Any CPU
		{978BECEF-5217-4531-B0B7-45BC8D820A28}.Debug|Any CPU.ActiveCfg = Debug|Any CPU
		{978BECEF-5217-4531-B0B7-45BC8D820A28}.Debug|Any CPU.Build.0 = Debug|Any CPU
		{978BECEF-5217-4531-B0B7-45BC8D820A28}.Debug|ARM64.ActiveCfg = Debug|Any CPU
		{978BECEF-5217-4531-B0B7-45BC8D820A28}.Debug|ARM64.Build.0 = Debug|Any CPU
		{978BECEF-5217-4531-B0B7-45BC8D820A28}.Debug|x64.ActiveCfg = Debug|Any CPU
		{978BECEF-5217-4531-B0B7-45BC8D820A28}.Debug|x64.Build.0 = Debug|Any CPU
		{978BECEF-5217-4531-B0B7-45BC8D820A28}.Debug|x86.ActiveCfg = Debug|Any CPU
		{978BECEF-5217-4531-B0B7-45BC8D820A28}.Debug|x86.Build.0 = Debug|Any CPU
		{978BECEF-5217-4531-B0B7-45BC8D820A28}.Release|Any CPU.ActiveCfg = Release|Any CPU
		{978BECEF-5217-4531-B0B7-45BC8D820A28}.Release|Any CPU.Build.0 = Release|Any CPU
		{978BECEF-5217-4531-B0B7-45BC8D820A28}.Release|ARM64.ActiveCfg = Release|Any CPU
		{978BECEF-5217-4531-B0B7-45BC8D820A28}.Release|ARM64.Build.0 = Release|Any CPU
		{978BECEF-5217-4531-B0B7-45BC8D820A28}.Release|x64.ActiveCfg = Release|Any CPU
		{978BECEF-5217-4531-B0B7-45BC8D820A28}.Release|x64.Build.0 = Release|Any CPU
		{978BECEF-5217-4531-B0B7-45BC8D820A28}.Release|x86.ActiveCfg = Release|Any CPU
		{978BECEF-5217-4531-B0B7-45BC8D820A28}.Release|x86.Build.0 = Release|Any CPU
		{B7A5DDB0-5F43-49D0-A047-D0D26626BE30}.Debug|Any CPU.ActiveCfg = Debug|Any CPU
		{B7A5DDB0-5F43-49D0-A047-D0D26626BE30}.Debug|Any CPU.Build.0 = Debug|Any CPU
		{B7A5DDB0-5F43-49D0-A047-D0D26626BE30}.Debug|ARM64.ActiveCfg = Debug|Any CPU
		{B7A5DDB0-5F43-49D0-A047-D0D26626BE30}.Debug|ARM64.Build.0 = Debug|Any CPU
		{B7A5DDB0-5F43-49D0-A047-D0D26626BE30}.Debug|x64.ActiveCfg = Debug|Any CPU
		{B7A5DDB0-5F43-49D0-A047-D0D26626BE30}.Debug|x64.Build.0 = Debug|Any CPU
		{B7A5DDB0-5F43-49D0-A047-D0D26626BE30}.Debug|x86.ActiveCfg = Debug|Any CPU
		{B7A5DDB0-5F43-49D0-A047-D0D26626BE30}.Debug|x86.Build.0 = Debug|Any CPU
		{B7A5DDB0-5F43-49D0-A047-D0D26626BE30}.Release|Any CPU.ActiveCfg = Release|Any CPU
		{B7A5DDB0-5F43-49D0-A047-D0D26626BE30}.Release|Any CPU.Build.0 = Release|Any CPU
		{B7A5DDB0-5F43-49D0-A047-D0D26626BE30}.Release|ARM64.ActiveCfg = Release|Any CPU
		{B7A5DDB0-5F43-49D0-A047-D0D26626BE30}.Release|ARM64.Build.0 = Release|Any CPU
		{B7A5DDB0-5F43-49D0-A047-D0D26626BE30}.Release|x64.ActiveCfg = Release|Any CPU
		{B7A5DDB0-5F43-49D0-A047-D0D26626BE30}.Release|x64.Build.0 = Release|Any CPU
		{B7A5DDB0-5F43-49D0-A047-D0D26626BE30}.Release|x86.ActiveCfg = Release|Any CPU
		{B7A5DDB0-5F43-49D0-A047-D0D26626BE30}.Release|x86.Build.0 = Release|Any CPU
		{EBC13ACA-717D-4635-920A-5E0E211B0CF4}.Debug|Any CPU.ActiveCfg = Debug|Any CPU
		{EBC13ACA-717D-4635-920A-5E0E211B0CF4}.Debug|Any CPU.Build.0 = Debug|Any CPU
		{EBC13ACA-717D-4635-920A-5E0E211B0CF4}.Debug|ARM64.ActiveCfg = Debug|Any CPU
		{EBC13ACA-717D-4635-920A-5E0E211B0CF4}.Debug|ARM64.Build.0 = Debug|Any CPU
		{EBC13ACA-717D-4635-920A-5E0E211B0CF4}.Debug|x64.ActiveCfg = Debug|Any CPU
		{EBC13ACA-717D-4635-920A-5E0E211B0CF4}.Debug|x64.Build.0 = Debug|Any CPU
		{EBC13ACA-717D-4635-920A-5E0E211B0CF4}.Debug|x86.ActiveCfg = Debug|Any CPU
		{EBC13ACA-717D-4635-920A-5E0E211B0CF4}.Debug|x86.Build.0 = Debug|Any CPU
		{EBC13ACA-717D-4635-920A-5E0E211B0CF4}.Release|Any CPU.ActiveCfg = Release|Any CPU
		{EBC13ACA-717D-4635-920A-5E0E211B0CF4}.Release|Any CPU.Build.0 = Release|Any CPU
		{EBC13ACA-717D-4635-920A-5E0E211B0CF4}.Release|ARM64.ActiveCfg = Release|Any CPU
		{EBC13ACA-717D-4635-920A-5E0E211B0CF4}.Release|ARM64.Build.0 = Release|Any CPU
		{EBC13ACA-717D-4635-920A-5E0E211B0CF4}.Release|x64.ActiveCfg = Release|Any CPU
		{EBC13ACA-717D-4635-920A-5E0E211B0CF4}.Release|x64.Build.0 = Release|Any CPU
		{EBC13ACA-717D-4635-920A-5E0E211B0CF4}.Release|x86.ActiveCfg = Release|Any CPU
		{EBC13ACA-717D-4635-920A-5E0E211B0CF4}.Release|x86.Build.0 = Release|Any CPU
		{E6418D3D-01AA-4176-A7CA-6878FA6E4238}.Debug|Any CPU.ActiveCfg = Debug|Any CPU
		{E6418D3D-01AA-4176-A7CA-6878FA6E4238}.Debug|Any CPU.Build.0 = Debug|Any CPU
		{E6418D3D-01AA-4176-A7CA-6878FA6E4238}.Debug|ARM64.ActiveCfg = Debug|Any CPU
		{E6418D3D-01AA-4176-A7CA-6878FA6E4238}.Debug|ARM64.Build.0 = Debug|Any CPU
		{E6418D3D-01AA-4176-A7CA-6878FA6E4238}.Debug|x64.ActiveCfg = Debug|Any CPU
		{E6418D3D-01AA-4176-A7CA-6878FA6E4238}.Debug|x64.Build.0 = Debug|Any CPU
		{E6418D3D-01AA-4176-A7CA-6878FA6E4238}.Debug|x86.ActiveCfg = Debug|Any CPU
		{E6418D3D-01AA-4176-A7CA-6878FA6E4238}.Debug|x86.Build.0 = Debug|Any CPU
		{E6418D3D-01AA-4176-A7CA-6878FA6E4238}.Release|Any CPU.ActiveCfg = Release|Any CPU
		{E6418D3D-01AA-4176-A7CA-6878FA6E4238}.Release|Any CPU.Build.0 = Release|Any CPU
		{E6418D3D-01AA-4176-A7CA-6878FA6E4238}.Release|ARM64.ActiveCfg = Release|Any CPU
		{E6418D3D-01AA-4176-A7CA-6878FA6E4238}.Release|ARM64.Build.0 = Release|Any CPU
		{E6418D3D-01AA-4176-A7CA-6878FA6E4238}.Release|x64.ActiveCfg = Release|Any CPU
		{E6418D3D-01AA-4176-A7CA-6878FA6E4238}.Release|x64.Build.0 = Release|Any CPU
		{E6418D3D-01AA-4176-A7CA-6878FA6E4238}.Release|x86.ActiveCfg = Release|Any CPU
		{E6418D3D-01AA-4176-A7CA-6878FA6E4238}.Release|x86.Build.0 = Release|Any CPU
		{6598690F-B65B-4C49-824B-7474E735AE92}.Debug|Any CPU.ActiveCfg = Debug|Any CPU
		{6598690F-B65B-4C49-824B-7474E735AE92}.Debug|Any CPU.Build.0 = Debug|Any CPU
		{6598690F-B65B-4C49-824B-7474E735AE92}.Debug|ARM64.ActiveCfg = Debug|Any CPU
		{6598690F-B65B-4C49-824B-7474E735AE92}.Debug|ARM64.Build.0 = Debug|Any CPU
		{6598690F-B65B-4C49-824B-7474E735AE92}.Debug|x64.ActiveCfg = Debug|Any CPU
		{6598690F-B65B-4C49-824B-7474E735AE92}.Debug|x64.Build.0 = Debug|Any CPU
		{6598690F-B65B-4C49-824B-7474E735AE92}.Debug|x86.ActiveCfg = Debug|Any CPU
		{6598690F-B65B-4C49-824B-7474E735AE92}.Debug|x86.Build.0 = Debug|Any CPU
		{6598690F-B65B-4C49-824B-7474E735AE92}.Release|Any CPU.ActiveCfg = Release|Any CPU
		{6598690F-B65B-4C49-824B-7474E735AE92}.Release|Any CPU.Build.0 = Release|Any CPU
		{6598690F-B65B-4C49-824B-7474E735AE92}.Release|ARM64.ActiveCfg = Release|Any CPU
		{6598690F-B65B-4C49-824B-7474E735AE92}.Release|ARM64.Build.0 = Release|Any CPU
		{6598690F-B65B-4C49-824B-7474E735AE92}.Release|x64.ActiveCfg = Release|Any CPU
		{6598690F-B65B-4C49-824B-7474E735AE92}.Release|x64.Build.0 = Release|Any CPU
		{6598690F-B65B-4C49-824B-7474E735AE92}.Release|x86.ActiveCfg = Release|Any CPU
		{6598690F-B65B-4C49-824B-7474E735AE92}.Release|x86.Build.0 = Release|Any CPU
		{4298FE47-5434-4A0B-9793-6B771E6FC4CA}.Debug|Any CPU.ActiveCfg = Debug|Any CPU
		{4298FE47-5434-4A0B-9793-6B771E6FC4CA}.Debug|Any CPU.Build.0 = Debug|Any CPU
		{4298FE47-5434-4A0B-9793-6B771E6FC4CA}.Debug|ARM64.ActiveCfg = Debug|Any CPU
		{4298FE47-5434-4A0B-9793-6B771E6FC4CA}.Debug|ARM64.Build.0 = Debug|Any CPU
		{4298FE47-5434-4A0B-9793-6B771E6FC4CA}.Debug|x64.ActiveCfg = Debug|Any CPU
		{4298FE47-5434-4A0B-9793-6B771E6FC4CA}.Debug|x64.Build.0 = Debug|Any CPU
		{4298FE47-5434-4A0B-9793-6B771E6FC4CA}.Debug|x86.ActiveCfg = Debug|Any CPU
		{4298FE47-5434-4A0B-9793-6B771E6FC4CA}.Debug|x86.Build.0 = Debug|Any CPU
		{4298FE47-5434-4A0B-9793-6B771E6FC4CA}.Release|Any CPU.ActiveCfg = Release|Any CPU
		{4298FE47-5434-4A0B-9793-6B771E6FC4CA}.Release|Any CPU.Build.0 = Release|Any CPU
		{4298FE47-5434-4A0B-9793-6B771E6FC4CA}.Release|ARM64.ActiveCfg = Release|Any CPU
		{4298FE47-5434-4A0B-9793-6B771E6FC4CA}.Release|ARM64.Build.0 = Release|Any CPU
		{4298FE47-5434-4A0B-9793-6B771E6FC4CA}.Release|x64.ActiveCfg = Release|Any CPU
		{4298FE47-5434-4A0B-9793-6B771E6FC4CA}.Release|x64.Build.0 = Release|Any CPU
		{4298FE47-5434-4A0B-9793-6B771E6FC4CA}.Release|x86.ActiveCfg = Release|Any CPU
		{4298FE47-5434-4A0B-9793-6B771E6FC4CA}.Release|x86.Build.0 = Release|Any CPU
		{A6554704-FE57-4473-BB46-8586F22472AA}.Debug|Any CPU.ActiveCfg = Debug|Any CPU
		{A6554704-FE57-4473-BB46-8586F22472AA}.Debug|Any CPU.Build.0 = Debug|Any CPU
		{A6554704-FE57-4473-BB46-8586F22472AA}.Debug|ARM64.ActiveCfg = Debug|Any CPU
		{A6554704-FE57-4473-BB46-8586F22472AA}.Debug|ARM64.Build.0 = Debug|Any CPU
		{A6554704-FE57-4473-BB46-8586F22472AA}.Debug|x64.ActiveCfg = Debug|Any CPU
		{A6554704-FE57-4473-BB46-8586F22472AA}.Debug|x64.Build.0 = Debug|Any CPU
		{A6554704-FE57-4473-BB46-8586F22472AA}.Debug|x86.ActiveCfg = Debug|Any CPU
		{A6554704-FE57-4473-BB46-8586F22472AA}.Debug|x86.Build.0 = Debug|Any CPU
		{A6554704-FE57-4473-BB46-8586F22472AA}.Release|Any CPU.ActiveCfg = Release|Any CPU
		{A6554704-FE57-4473-BB46-8586F22472AA}.Release|Any CPU.Build.0 = Release|Any CPU
		{A6554704-FE57-4473-BB46-8586F22472AA}.Release|ARM64.ActiveCfg = Release|Any CPU
		{A6554704-FE57-4473-BB46-8586F22472AA}.Release|ARM64.Build.0 = Release|Any CPU
		{A6554704-FE57-4473-BB46-8586F22472AA}.Release|x64.ActiveCfg = Release|Any CPU
		{A6554704-FE57-4473-BB46-8586F22472AA}.Release|x64.Build.0 = Release|Any CPU
		{A6554704-FE57-4473-BB46-8586F22472AA}.Release|x86.ActiveCfg = Release|Any CPU
		{A6554704-FE57-4473-BB46-8586F22472AA}.Release|x86.Build.0 = Release|Any CPU
		{B95D732A-7538-4795-AC42-6F595ECB8DB8}.Debug|Any CPU.ActiveCfg = Debug|Any CPU
		{B95D732A-7538-4795-AC42-6F595ECB8DB8}.Debug|Any CPU.Build.0 = Debug|Any CPU
		{B95D732A-7538-4795-AC42-6F595ECB8DB8}.Debug|ARM64.ActiveCfg = Debug|Any CPU
		{B95D732A-7538-4795-AC42-6F595ECB8DB8}.Debug|ARM64.Build.0 = Debug|Any CPU
		{B95D732A-7538-4795-AC42-6F595ECB8DB8}.Debug|x64.ActiveCfg = Debug|Any CPU
		{B95D732A-7538-4795-AC42-6F595ECB8DB8}.Debug|x64.Build.0 = Debug|Any CPU
		{B95D732A-7538-4795-AC42-6F595ECB8DB8}.Debug|x86.ActiveCfg = Debug|Any CPU
		{B95D732A-7538-4795-AC42-6F595ECB8DB8}.Debug|x86.Build.0 = Debug|Any CPU
		{B95D732A-7538-4795-AC42-6F595ECB8DB8}.Release|Any CPU.ActiveCfg = Release|Any CPU
		{B95D732A-7538-4795-AC42-6F595ECB8DB8}.Release|Any CPU.Build.0 = Release|Any CPU
		{B95D732A-7538-4795-AC42-6F595ECB8DB8}.Release|ARM64.ActiveCfg = Release|Any CPU
		{B95D732A-7538-4795-AC42-6F595ECB8DB8}.Release|ARM64.Build.0 = Release|Any CPU
		{B95D732A-7538-4795-AC42-6F595ECB8DB8}.Release|x64.ActiveCfg = Release|Any CPU
		{B95D732A-7538-4795-AC42-6F595ECB8DB8}.Release|x64.Build.0 = Release|Any CPU
		{B95D732A-7538-4795-AC42-6F595ECB8DB8}.Release|x86.ActiveCfg = Release|Any CPU
		{B95D732A-7538-4795-AC42-6F595ECB8DB8}.Release|x86.Build.0 = Release|Any CPU
		{2CD257D7-DF21-4D60-AC05-747D83236E5A}.Debug|Any CPU.ActiveCfg = Debug|Any CPU
		{2CD257D7-DF21-4D60-AC05-747D83236E5A}.Debug|ARM64.ActiveCfg = Debug|Any CPU
		{2CD257D7-DF21-4D60-AC05-747D83236E5A}.Debug|ARM64.Build.0 = Debug|Any CPU
		{2CD257D7-DF21-4D60-AC05-747D83236E5A}.Debug|ARM64.Deploy.0 = Debug|Any CPU
		{2CD257D7-DF21-4D60-AC05-747D83236E5A}.Debug|x64.ActiveCfg = Debug|Any CPU
		{2CD257D7-DF21-4D60-AC05-747D83236E5A}.Debug|x64.Build.0 = Debug|Any CPU
		{2CD257D7-DF21-4D60-AC05-747D83236E5A}.Debug|x64.Deploy.0 = Debug|Any CPU
		{2CD257D7-DF21-4D60-AC05-747D83236E5A}.Debug|x86.ActiveCfg = Debug|Any CPU
		{2CD257D7-DF21-4D60-AC05-747D83236E5A}.Debug|x86.Build.0 = Debug|Any CPU
		{2CD257D7-DF21-4D60-AC05-747D83236E5A}.Debug|x86.Deploy.0 = Debug|Any CPU
		{2CD257D7-DF21-4D60-AC05-747D83236E5A}.Release|Any CPU.ActiveCfg = Release|Any CPU
		{2CD257D7-DF21-4D60-AC05-747D83236E5A}.Release|ARM64.ActiveCfg = Release|Any CPU
		{2CD257D7-DF21-4D60-AC05-747D83236E5A}.Release|ARM64.Build.0 = Release|Any CPU
		{2CD257D7-DF21-4D60-AC05-747D83236E5A}.Release|ARM64.Deploy.0 = Release|Any CPU
		{2CD257D7-DF21-4D60-AC05-747D83236E5A}.Release|x64.ActiveCfg = Release|Any CPU
		{2CD257D7-DF21-4D60-AC05-747D83236E5A}.Release|x64.Build.0 = Release|Any CPU
		{2CD257D7-DF21-4D60-AC05-747D83236E5A}.Release|x64.Deploy.0 = Release|Any CPU
		{2CD257D7-DF21-4D60-AC05-747D83236E5A}.Release|x86.ActiveCfg = Release|Any CPU
		{2CD257D7-DF21-4D60-AC05-747D83236E5A}.Release|x86.Build.0 = Release|Any CPU
		{2CD257D7-DF21-4D60-AC05-747D83236E5A}.Release|x86.Deploy.0 = Release|Any CPU
		{F1D6609C-AA33-4099-8932-BADBCB935FBD}.Debug|Any CPU.ActiveCfg = Debug|Any CPU
		{F1D6609C-AA33-4099-8932-BADBCB935FBD}.Debug|Any CPU.Build.0 = Debug|Any CPU
		{F1D6609C-AA33-4099-8932-BADBCB935FBD}.Debug|ARM64.ActiveCfg = Debug|Any CPU
		{F1D6609C-AA33-4099-8932-BADBCB935FBD}.Debug|ARM64.Build.0 = Debug|Any CPU
		{F1D6609C-AA33-4099-8932-BADBCB935FBD}.Debug|x64.ActiveCfg = Debug|Any CPU
		{F1D6609C-AA33-4099-8932-BADBCB935FBD}.Debug|x64.Build.0 = Debug|Any CPU
		{F1D6609C-AA33-4099-8932-BADBCB935FBD}.Debug|x86.ActiveCfg = Debug|Any CPU
		{F1D6609C-AA33-4099-8932-BADBCB935FBD}.Debug|x86.Build.0 = Debug|Any CPU
		{F1D6609C-AA33-4099-8932-BADBCB935FBD}.Release|Any CPU.ActiveCfg = Release|Any CPU
		{F1D6609C-AA33-4099-8932-BADBCB935FBD}.Release|Any CPU.Build.0 = Release|Any CPU
		{F1D6609C-AA33-4099-8932-BADBCB935FBD}.Release|ARM64.ActiveCfg = Release|Any CPU
		{F1D6609C-AA33-4099-8932-BADBCB935FBD}.Release|ARM64.Build.0 = Release|Any CPU
		{F1D6609C-AA33-4099-8932-BADBCB935FBD}.Release|x64.ActiveCfg = Release|Any CPU
		{F1D6609C-AA33-4099-8932-BADBCB935FBD}.Release|x64.Build.0 = Release|Any CPU
		{F1D6609C-AA33-4099-8932-BADBCB935FBD}.Release|x86.ActiveCfg = Release|Any CPU
		{F1D6609C-AA33-4099-8932-BADBCB935FBD}.Release|x86.Build.0 = Release|Any CPU
		{BEF76A77-E2F9-4113-8DC2-DB825964D6EF}.Debug|Any CPU.ActiveCfg = Debug|Any CPU
		{BEF76A77-E2F9-4113-8DC2-DB825964D6EF}.Debug|Any CPU.Build.0 = Debug|Any CPU
		{BEF76A77-E2F9-4113-8DC2-DB825964D6EF}.Debug|ARM64.ActiveCfg = Debug|Any CPU
		{BEF76A77-E2F9-4113-8DC2-DB825964D6EF}.Debug|ARM64.Build.0 = Debug|Any CPU
		{BEF76A77-E2F9-4113-8DC2-DB825964D6EF}.Debug|x64.ActiveCfg = Debug|Any CPU
		{BEF76A77-E2F9-4113-8DC2-DB825964D6EF}.Debug|x64.Build.0 = Debug|Any CPU
		{BEF76A77-E2F9-4113-8DC2-DB825964D6EF}.Debug|x86.ActiveCfg = Debug|Any CPU
		{BEF76A77-E2F9-4113-8DC2-DB825964D6EF}.Debug|x86.Build.0 = Debug|Any CPU
		{BEF76A77-E2F9-4113-8DC2-DB825964D6EF}.Release|Any CPU.ActiveCfg = Release|Any CPU
		{BEF76A77-E2F9-4113-8DC2-DB825964D6EF}.Release|Any CPU.Build.0 = Release|Any CPU
		{BEF76A77-E2F9-4113-8DC2-DB825964D6EF}.Release|ARM64.ActiveCfg = Release|Any CPU
		{BEF76A77-E2F9-4113-8DC2-DB825964D6EF}.Release|ARM64.Build.0 = Release|Any CPU
		{BEF76A77-E2F9-4113-8DC2-DB825964D6EF}.Release|x64.ActiveCfg = Release|Any CPU
		{BEF76A77-E2F9-4113-8DC2-DB825964D6EF}.Release|x64.Build.0 = Release|Any CPU
		{BEF76A77-E2F9-4113-8DC2-DB825964D6EF}.Release|x86.ActiveCfg = Release|Any CPU
		{BEF76A77-E2F9-4113-8DC2-DB825964D6EF}.Release|x86.Build.0 = Release|Any CPU
		{D754069D-C912-4D71-97CB-9B2DDD2380B4}.Debug|Any CPU.ActiveCfg = Debug|Any CPU
		{D754069D-C912-4D71-97CB-9B2DDD2380B4}.Debug|Any CPU.Build.0 = Debug|Any CPU
		{D754069D-C912-4D71-97CB-9B2DDD2380B4}.Debug|ARM64.ActiveCfg = Debug|Any CPU
		{D754069D-C912-4D71-97CB-9B2DDD2380B4}.Debug|ARM64.Build.0 = Debug|Any CPU
		{D754069D-C912-4D71-97CB-9B2DDD2380B4}.Debug|x64.ActiveCfg = Debug|Any CPU
		{D754069D-C912-4D71-97CB-9B2DDD2380B4}.Debug|x64.Build.0 = Debug|Any CPU
		{D754069D-C912-4D71-97CB-9B2DDD2380B4}.Debug|x86.ActiveCfg = Debug|Any CPU
		{D754069D-C912-4D71-97CB-9B2DDD2380B4}.Debug|x86.Build.0 = Debug|Any CPU
		{D754069D-C912-4D71-97CB-9B2DDD2380B4}.Release|Any CPU.ActiveCfg = Release|Any CPU
		{D754069D-C912-4D71-97CB-9B2DDD2380B4}.Release|Any CPU.Build.0 = Release|Any CPU
		{D754069D-C912-4D71-97CB-9B2DDD2380B4}.Release|ARM64.ActiveCfg = Release|Any CPU
		{D754069D-C912-4D71-97CB-9B2DDD2380B4}.Release|ARM64.Build.0 = Release|Any CPU
		{D754069D-C912-4D71-97CB-9B2DDD2380B4}.Release|x64.ActiveCfg = Release|Any CPU
		{D754069D-C912-4D71-97CB-9B2DDD2380B4}.Release|x64.Build.0 = Release|Any CPU
		{D754069D-C912-4D71-97CB-9B2DDD2380B4}.Release|x86.ActiveCfg = Release|Any CPU
		{D754069D-C912-4D71-97CB-9B2DDD2380B4}.Release|x86.Build.0 = Release|Any CPU
		{87F12DBB-E32B-49B8-B5F1-5B53B711989B}.Debug|Any CPU.ActiveCfg = Debug|Any CPU
		{87F12DBB-E32B-49B8-B5F1-5B53B711989B}.Debug|Any CPU.Build.0 = Debug|Any CPU
		{87F12DBB-E32B-49B8-B5F1-5B53B711989B}.Debug|ARM64.ActiveCfg = Debug|Any CPU
		{87F12DBB-E32B-49B8-B5F1-5B53B711989B}.Debug|ARM64.Build.0 = Debug|Any CPU
		{87F12DBB-E32B-49B8-B5F1-5B53B711989B}.Debug|x64.ActiveCfg = Debug|Any CPU
		{87F12DBB-E32B-49B8-B5F1-5B53B711989B}.Debug|x64.Build.0 = Debug|Any CPU
		{87F12DBB-E32B-49B8-B5F1-5B53B711989B}.Debug|x86.ActiveCfg = Debug|Any CPU
		{87F12DBB-E32B-49B8-B5F1-5B53B711989B}.Debug|x86.Build.0 = Debug|Any CPU
		{87F12DBB-E32B-49B8-B5F1-5B53B711989B}.Release|Any CPU.ActiveCfg = Release|Any CPU
		{87F12DBB-E32B-49B8-B5F1-5B53B711989B}.Release|Any CPU.Build.0 = Release|Any CPU
		{87F12DBB-E32B-49B8-B5F1-5B53B711989B}.Release|ARM64.ActiveCfg = Release|Any CPU
		{87F12DBB-E32B-49B8-B5F1-5B53B711989B}.Release|ARM64.Build.0 = Release|Any CPU
		{87F12DBB-E32B-49B8-B5F1-5B53B711989B}.Release|x64.ActiveCfg = Release|Any CPU
		{87F12DBB-E32B-49B8-B5F1-5B53B711989B}.Release|x64.Build.0 = Release|Any CPU
		{87F12DBB-E32B-49B8-B5F1-5B53B711989B}.Release|x86.ActiveCfg = Release|Any CPU
		{87F12DBB-E32B-49B8-B5F1-5B53B711989B}.Release|x86.Build.0 = Release|Any CPU
		{CDC17599-81AD-44B9-B4E5-38241147CDA2}.Debug|Any CPU.ActiveCfg = Debug|x64
		{CDC17599-81AD-44B9-B4E5-38241147CDA2}.Debug|Any CPU.Deploy.0 = Debug|x64
		{CDC17599-81AD-44B9-B4E5-38241147CDA2}.Debug|ARM64.ActiveCfg = Debug|ARM64
		{CDC17599-81AD-44B9-B4E5-38241147CDA2}.Debug|ARM64.Build.0 = Debug|ARM64
		{CDC17599-81AD-44B9-B4E5-38241147CDA2}.Debug|ARM64.Deploy.0 = Debug|ARM64
		{CDC17599-81AD-44B9-B4E5-38241147CDA2}.Debug|x64.ActiveCfg = Debug|x64
		{CDC17599-81AD-44B9-B4E5-38241147CDA2}.Debug|x64.Build.0 = Debug|x64
		{CDC17599-81AD-44B9-B4E5-38241147CDA2}.Debug|x64.Deploy.0 = Debug|x64
		{CDC17599-81AD-44B9-B4E5-38241147CDA2}.Debug|x86.ActiveCfg = Debug|x86
		{CDC17599-81AD-44B9-B4E5-38241147CDA2}.Debug|x86.Build.0 = Debug|x86
		{CDC17599-81AD-44B9-B4E5-38241147CDA2}.Debug|x86.Deploy.0 = Debug|x86
		{CDC17599-81AD-44B9-B4E5-38241147CDA2}.Release|Any CPU.ActiveCfg = Release|x64
		{CDC17599-81AD-44B9-B4E5-38241147CDA2}.Release|ARM64.ActiveCfg = Release|ARM64
		{CDC17599-81AD-44B9-B4E5-38241147CDA2}.Release|ARM64.Build.0 = Release|ARM64
		{CDC17599-81AD-44B9-B4E5-38241147CDA2}.Release|ARM64.Deploy.0 = Release|ARM64
		{CDC17599-81AD-44B9-B4E5-38241147CDA2}.Release|x64.ActiveCfg = Release|x64
		{CDC17599-81AD-44B9-B4E5-38241147CDA2}.Release|x64.Build.0 = Release|x64
		{CDC17599-81AD-44B9-B4E5-38241147CDA2}.Release|x64.Deploy.0 = Release|x64
		{CDC17599-81AD-44B9-B4E5-38241147CDA2}.Release|x86.ActiveCfg = Release|x86
		{CDC17599-81AD-44B9-B4E5-38241147CDA2}.Release|x86.Build.0 = Release|x86
		{CDC17599-81AD-44B9-B4E5-38241147CDA2}.Release|x86.Deploy.0 = Release|x86
		{F55F3891-FD11-4C69-9DB6-0CC24B591F59}.Debug|Any CPU.ActiveCfg = Debug|Any CPU
		{F55F3891-FD11-4C69-9DB6-0CC24B591F59}.Debug|Any CPU.Build.0 = Debug|Any CPU
		{F55F3891-FD11-4C69-9DB6-0CC24B591F59}.Debug|ARM64.ActiveCfg = Debug|Any CPU
		{F55F3891-FD11-4C69-9DB6-0CC24B591F59}.Debug|ARM64.Build.0 = Debug|Any CPU
		{F55F3891-FD11-4C69-9DB6-0CC24B591F59}.Debug|x64.ActiveCfg = Debug|Any CPU
		{F55F3891-FD11-4C69-9DB6-0CC24B591F59}.Debug|x64.Build.0 = Debug|Any CPU
		{F55F3891-FD11-4C69-9DB6-0CC24B591F59}.Debug|x86.ActiveCfg = Debug|Any CPU
		{F55F3891-FD11-4C69-9DB6-0CC24B591F59}.Debug|x86.Build.0 = Debug|Any CPU
		{F55F3891-FD11-4C69-9DB6-0CC24B591F59}.Release|Any CPU.ActiveCfg = Release|Any CPU
		{F55F3891-FD11-4C69-9DB6-0CC24B591F59}.Release|Any CPU.Build.0 = Release|Any CPU
		{F55F3891-FD11-4C69-9DB6-0CC24B591F59}.Release|ARM64.ActiveCfg = Release|Any CPU
		{F55F3891-FD11-4C69-9DB6-0CC24B591F59}.Release|ARM64.Build.0 = Release|Any CPU
		{F55F3891-FD11-4C69-9DB6-0CC24B591F59}.Release|x64.ActiveCfg = Release|Any CPU
		{F55F3891-FD11-4C69-9DB6-0CC24B591F59}.Release|x64.Build.0 = Release|Any CPU
		{F55F3891-FD11-4C69-9DB6-0CC24B591F59}.Release|x86.ActiveCfg = Release|Any CPU
		{F55F3891-FD11-4C69-9DB6-0CC24B591F59}.Release|x86.Build.0 = Release|Any CPU
		{EC0E35F9-9362-41CB-8F8F-797547803892}.Debug|Any CPU.ActiveCfg = Debug|Any CPU
		{EC0E35F9-9362-41CB-8F8F-797547803892}.Debug|Any CPU.Build.0 = Debug|Any CPU
		{EC0E35F9-9362-41CB-8F8F-797547803892}.Debug|ARM64.ActiveCfg = Debug|Any CPU
		{EC0E35F9-9362-41CB-8F8F-797547803892}.Debug|ARM64.Build.0 = Debug|Any CPU
		{EC0E35F9-9362-41CB-8F8F-797547803892}.Debug|x64.ActiveCfg = Debug|Any CPU
		{EC0E35F9-9362-41CB-8F8F-797547803892}.Debug|x64.Build.0 = Debug|Any CPU
		{EC0E35F9-9362-41CB-8F8F-797547803892}.Debug|x86.ActiveCfg = Debug|Any CPU
		{EC0E35F9-9362-41CB-8F8F-797547803892}.Debug|x86.Build.0 = Debug|Any CPU
		{EC0E35F9-9362-41CB-8F8F-797547803892}.Release|Any CPU.ActiveCfg = Release|Any CPU
		{EC0E35F9-9362-41CB-8F8F-797547803892}.Release|Any CPU.Build.0 = Release|Any CPU
		{EC0E35F9-9362-41CB-8F8F-797547803892}.Release|ARM64.ActiveCfg = Release|Any CPU
		{EC0E35F9-9362-41CB-8F8F-797547803892}.Release|ARM64.Build.0 = Release|Any CPU
		{EC0E35F9-9362-41CB-8F8F-797547803892}.Release|x64.ActiveCfg = Release|Any CPU
		{EC0E35F9-9362-41CB-8F8F-797547803892}.Release|x64.Build.0 = Release|Any CPU
		{EC0E35F9-9362-41CB-8F8F-797547803892}.Release|x86.ActiveCfg = Release|Any CPU
		{EC0E35F9-9362-41CB-8F8F-797547803892}.Release|x86.Build.0 = Release|Any CPU
		{3C77C89F-AA56-4C0A-9635-C0795F41C65C}.Debug|Any CPU.ActiveCfg = Debug|Any CPU
		{3C77C89F-AA56-4C0A-9635-C0795F41C65C}.Debug|Any CPU.Build.0 = Debug|Any CPU
		{3C77C89F-AA56-4C0A-9635-C0795F41C65C}.Debug|ARM64.ActiveCfg = Debug|Any CPU
		{3C77C89F-AA56-4C0A-9635-C0795F41C65C}.Debug|ARM64.Build.0 = Debug|Any CPU
		{3C77C89F-AA56-4C0A-9635-C0795F41C65C}.Debug|x64.ActiveCfg = Debug|Any CPU
		{3C77C89F-AA56-4C0A-9635-C0795F41C65C}.Debug|x64.Build.0 = Debug|Any CPU
		{3C77C89F-AA56-4C0A-9635-C0795F41C65C}.Debug|x86.ActiveCfg = Debug|Any CPU
		{3C77C89F-AA56-4C0A-9635-C0795F41C65C}.Debug|x86.Build.0 = Debug|Any CPU
		{3C77C89F-AA56-4C0A-9635-C0795F41C65C}.Release|Any CPU.ActiveCfg = Release|Any CPU
		{3C77C89F-AA56-4C0A-9635-C0795F41C65C}.Release|Any CPU.Build.0 = Release|Any CPU
		{3C77C89F-AA56-4C0A-9635-C0795F41C65C}.Release|ARM64.ActiveCfg = Release|Any CPU
		{3C77C89F-AA56-4C0A-9635-C0795F41C65C}.Release|ARM64.Build.0 = Release|Any CPU
		{3C77C89F-AA56-4C0A-9635-C0795F41C65C}.Release|x64.ActiveCfg = Release|Any CPU
		{3C77C89F-AA56-4C0A-9635-C0795F41C65C}.Release|x64.Build.0 = Release|Any CPU
		{3C77C89F-AA56-4C0A-9635-C0795F41C65C}.Release|x86.ActiveCfg = Release|Any CPU
		{3C77C89F-AA56-4C0A-9635-C0795F41C65C}.Release|x86.Build.0 = Release|Any CPU
		{C55C88AE-1C1E-469A-A34A-AE508885D616}.Debug|Any CPU.ActiveCfg = Debug|Any CPU
		{C55C88AE-1C1E-469A-A34A-AE508885D616}.Debug|Any CPU.Build.0 = Debug|Any CPU
		{C55C88AE-1C1E-469A-A34A-AE508885D616}.Debug|ARM64.ActiveCfg = Debug|Any CPU
		{C55C88AE-1C1E-469A-A34A-AE508885D616}.Debug|ARM64.Build.0 = Debug|Any CPU
		{C55C88AE-1C1E-469A-A34A-AE508885D616}.Debug|x64.ActiveCfg = Debug|Any CPU
		{C55C88AE-1C1E-469A-A34A-AE508885D616}.Debug|x64.Build.0 = Debug|Any CPU
		{C55C88AE-1C1E-469A-A34A-AE508885D616}.Debug|x86.ActiveCfg = Debug|Any CPU
		{C55C88AE-1C1E-469A-A34A-AE508885D616}.Debug|x86.Build.0 = Debug|Any CPU
		{C55C88AE-1C1E-469A-A34A-AE508885D616}.Release|Any CPU.ActiveCfg = Release|Any CPU
		{C55C88AE-1C1E-469A-A34A-AE508885D616}.Release|Any CPU.Build.0 = Release|Any CPU
		{C55C88AE-1C1E-469A-A34A-AE508885D616}.Release|ARM64.ActiveCfg = Release|Any CPU
		{C55C88AE-1C1E-469A-A34A-AE508885D616}.Release|ARM64.Build.0 = Release|Any CPU
		{C55C88AE-1C1E-469A-A34A-AE508885D616}.Release|x64.ActiveCfg = Release|Any CPU
		{C55C88AE-1C1E-469A-A34A-AE508885D616}.Release|x64.Build.0 = Release|Any CPU
		{C55C88AE-1C1E-469A-A34A-AE508885D616}.Release|x86.ActiveCfg = Release|Any CPU
		{C55C88AE-1C1E-469A-A34A-AE508885D616}.Release|x86.Build.0 = Release|Any CPU
	EndGlobalSection
	GlobalSection(SolutionProperties) = preSolution
		HideSolutionNode = FALSE
	EndGlobalSection
	GlobalSection(NestedProjects) = preSolution
		{17F32115-0300-4842-8328-395AB56F6BD7} = {9FA6D327-728B-4436-AE3A-9E46D8FEF591}
		{72DE3CB9-195E-4740-9416-5960D75ED795} = {FAB2137C-1DBA-4F2F-8E22-DF3521C9B365}
		{42F7C4F7-3BB3-4DC8-8285-9DFF7E93BC4B} = {0544806B-3BB4-43CF-8277-BC612F32208D}
		{57AC0130-0D5F-489A-A565-B41EF9928085} = {9FA6D327-728B-4436-AE3A-9E46D8FEF591}
		{BA40E541-3BCD-438A-B966-2FC7BE80AB80} = {FAB2137C-1DBA-4F2F-8E22-DF3521C9B365}
		{C492C048-732F-4F0D-AC09-03F3187ABB17} = {9FA6D327-728B-4436-AE3A-9E46D8FEF591}
		{978BECEF-5217-4531-B0B7-45BC8D820A28} = {FAB2137C-1DBA-4F2F-8E22-DF3521C9B365}
		{B7A5DDB0-5F43-49D0-A047-D0D26626BE30} = {9FA6D327-728B-4436-AE3A-9E46D8FEF591}
		{EBC13ACA-717D-4635-920A-5E0E211B0CF4} = {FAB2137C-1DBA-4F2F-8E22-DF3521C9B365}
		{E6418D3D-01AA-4176-A7CA-6878FA6E4238} = {FAB2137C-1DBA-4F2F-8E22-DF3521C9B365}
		{6598690F-B65B-4C49-824B-7474E735AE92} = {9FA6D327-728B-4436-AE3A-9E46D8FEF591}
		{4298FE47-5434-4A0B-9793-6B771E6FC4CA} = {FAB2137C-1DBA-4F2F-8E22-DF3521C9B365}
		{A6554704-FE57-4473-BB46-8586F22472AA} = {9FA6D327-728B-4436-AE3A-9E46D8FEF591}
		{B95D732A-7538-4795-AC42-6F595ECB8DB8} = {9FA6D327-728B-4436-AE3A-9E46D8FEF591}
		{2CD257D7-DF21-4D60-AC05-747D83236E5A} = {FAB2137C-1DBA-4F2F-8E22-DF3521C9B365}
		{F1D6609C-AA33-4099-8932-BADBCB935FBD} = {9FA6D327-728B-4436-AE3A-9E46D8FEF591}
		{BEF76A77-E2F9-4113-8DC2-DB825964D6EF} = {FAB2137C-1DBA-4F2F-8E22-DF3521C9B365}
		{D754069D-C912-4D71-97CB-9B2DDD2380B4} = {9FA6D327-728B-4436-AE3A-9E46D8FEF591}
		{87F12DBB-E32B-49B8-B5F1-5B53B711989B} = {9FA6D327-728B-4436-AE3A-9E46D8FEF591}
		{CDC17599-81AD-44B9-B4E5-38241147CDA2} = {FAB2137C-1DBA-4F2F-8E22-DF3521C9B365}
		{F55F3891-FD11-4C69-9DB6-0CC24B591F59} = {FAB2137C-1DBA-4F2F-8E22-DF3521C9B365}
		{EC0E35F9-9362-41CB-8F8F-797547803892} = {9FA6D327-728B-4436-AE3A-9E46D8FEF591}
		{3C77C89F-AA56-4C0A-9635-C0795F41C65C} = {9FA6D327-728B-4436-AE3A-9E46D8FEF591}
		{C55C88AE-1C1E-469A-A34A-AE508885D616} = {FAB2137C-1DBA-4F2F-8E22-DF3521C9B365}
	EndGlobalSection
	GlobalSection(ExtensibilityGlobals) = postSolution
		SolutionGuid = {84B77761-6B9E-46BA-B132-6C77B0B6E4FA}
	EndGlobalSection
EndGlobal
