
Microsoft Visual Studio Solution File, Format Version 12.00
# Visual Studio Version 17
VisualStudioVersion = 17.8.34309.116
MinimumVisualStudioVersion = 10.0.40219.1
Project("{9A19103F-16F7-4668-BE54-9A1E7A4F7556}") = "R3", "src\R3\R3.csproj", "{17F32115-0300-4842-8328-395AB56F6BD7}"
EndProject
Project("{2150E333-8FDC-42A3-9474-1A3956D46DE8}") = "src", "src", "{9FA6D327-728B-4436-AE3A-9E46D8FEF591}"
EndProject
Project("{2150E333-8FDC-42A3-9474-1A3956D46DE8}") = "sandbox", "sandbox", "{FAB2137C-1DBA-4F2F-8E22-DF3521C9B365}"
EndProject
Project("{9A19103F-16F7-4668-BE54-9A1E7A4F7556}") = "ConsoleApp1", "sandbox\ConsoleApp1\ConsoleApp1.csproj", "{72DE3CB9-195E-4740-9416-5960D75ED795}"
EndProject
Project("{2150E333-8FDC-42A3-9474-1A3956D46DE8}") = "tests", "tests", "{0544806B-3BB4-43CF-8277-BC612F32208D}"
EndProject
Project("{9A19103F-16F7-4668-BE54-9A1E7A4F7556}") = "R3.Tests", "tests\R3.Tests\R3.Tests.csproj", "{42F7C4F7-3BB3-4DC8-8285-9DFF7E93BC4B}"
EndProject
Project("{2150E333-8FDC-42A3-9474-1A3956D46DE8}") = "docs", "docs", "{C7327A31-448F-4A7D-9AC6-C06F5AA03D02}"
	ProjectSection(SolutionItems) = preProject
		.gitignore = .gitignore
		Directory.Build.props = Directory.Build.props
		README.md = README.md
	EndProjectSection
EndProject
Project("{9A19103F-16F7-4668-BE54-9A1E7A4F7556}") = "R3.WPF", "src\R3.WPF\R3.WPF.csproj", "{57AC0130-0D5F-489A-A565-B41EF9928085}"
EndProject
Project("{9A19103F-16F7-4668-BE54-9A1E7A4F7556}") = "WpfApp1", "sandbox\WpfApp1\WpfApp1.csproj", "{BA40E541-3BCD-438A-B966-2FC7BE80AB80}"
EndProject
Project("{9A19103F-16F7-4668-BE54-9A1E7A4F7556}") = "R3.Avalonia", "src\R3.Avalonia\R3.Avalonia.csproj", "{C492C048-732F-4F0D-AC09-03F3187ABB17}"
EndProject
Project("{9A19103F-16F7-4668-BE54-9A1E7A4F7556}") = "AvaloniaApplication1", "sandbox\AvaloniaApplication1\AvaloniaApplication1.csproj", "{978BECEF-5217-4531-B0B7-45BC8D820A28}"
EndProject
Project("{9A19103F-16F7-4668-BE54-9A1E7A4F7556}") = "R3.Godot", "src\R3.Godot\R3.Godot.csproj", "{B7A5DDB0-5F43-49D0-A047-D0D26626BE30}"
EndProject
Project("{FAE04EC0-301F-11D3-BF4B-00C04F79EFBC}") = "Benchmark", "sandbox\Benchmark\Benchmark.csproj", "{EBC13ACA-717D-4635-920A-5E0E211B0CF4}"
EndProject
Global
	GlobalSection(SolutionConfigurationPlatforms) = preSolution
		Debug|Any CPU = Debug|Any CPU
		Release|Any CPU = Release|Any CPU
	EndGlobalSection
	GlobalSection(ProjectConfigurationPlatforms) = postSolution
		{17F32115-0300-4842-8328-395AB56F6BD7}.Debug|Any CPU.ActiveCfg = Debug|Any CPU
		{17F32115-0300-4842-8328-395AB56F6BD7}.Debug|Any CPU.Build.0 = Debug|Any CPU
		{17F32115-0300-4842-8328-395AB56F6BD7}.Release|Any CPU.ActiveCfg = Release|Any CPU
		{17F32115-0300-4842-8328-395AB56F6BD7}.Release|Any CPU.Build.0 = Release|Any CPU
		{72DE3CB9-195E-4740-9416-5960D75ED795}.Debug|Any CPU.ActiveCfg = Debug|Any CPU
		{72DE3CB9-195E-4740-9416-5960D75ED795}.Debug|Any CPU.Build.0 = Debug|Any CPU
		{72DE3CB9-195E-4740-9416-5960D75ED795}.Release|Any CPU.ActiveCfg = Release|Any CPU
		{72DE3CB9-195E-4740-9416-5960D75ED795}.Release|Any CPU.Build.0 = Release|Any CPU
		{42F7C4F7-3BB3-4DC8-8285-9DFF7E93BC4B}.Debug|Any CPU.ActiveCfg = Debug|Any CPU
		{42F7C4F7-3BB3-4DC8-8285-9DFF7E93BC4B}.Debug|Any CPU.Build.0 = Debug|Any CPU
		{42F7C4F7-3BB3-4DC8-8285-9DFF7E93BC4B}.Release|Any CPU.ActiveCfg = Release|Any CPU
		{42F7C4F7-3BB3-4DC8-8285-9DFF7E93BC4B}.Release|Any CPU.Build.0 = Release|Any CPU
		{57AC0130-0D5F-489A-A565-B41EF9928085}.Debug|Any CPU.ActiveCfg = Debug|Any CPU
		{57AC0130-0D5F-489A-A565-B41EF9928085}.Debug|Any CPU.Build.0 = Debug|Any CPU
		{57AC0130-0D5F-489A-A565-B41EF9928085}.Release|Any CPU.ActiveCfg = Release|Any CPU
		{57AC0130-0D5F-489A-A565-B41EF9928085}.Release|Any CPU.Build.0 = Release|Any CPU
		{BA40E541-3BCD-438A-B966-2FC7BE80AB80}.Debug|Any CPU.ActiveCfg = Debug|Any CPU
		{BA40E541-3BCD-438A-B966-2FC7BE80AB80}.Debug|Any CPU.Build.0 = Debug|Any CPU
		{BA40E541-3BCD-438A-B966-2FC7BE80AB80}.Release|Any CPU.ActiveCfg = Release|Any CPU
		{BA40E541-3BCD-438A-B966-2FC7BE80AB80}.Release|Any CPU.Build.0 = Release|Any CPU
		{C492C048-732F-4F0D-AC09-03F3187ABB17}.Debug|Any CPU.ActiveCfg = Debug|Any CPU
		{C492C048-732F-4F0D-AC09-03F3187ABB17}.Debug|Any CPU.Build.0 = Debug|Any CPU
		{C492C048-732F-4F0D-AC09-03F3187ABB17}.Release|Any CPU.ActiveCfg = Release|Any CPU
		{C492C048-732F-4F0D-AC09-03F3187ABB17}.Release|Any CPU.Build.0 = Release|Any CPU
		{978BECEF-5217-4531-B0B7-45BC8D820A28}.Debug|Any CPU.ActiveCfg = Debug|Any CPU
		{978BECEF-5217-4531-B0B7-45BC8D820A28}.Debug|Any CPU.Build.0 = Debug|Any CPU
		{978BECEF-5217-4531-B0B7-45BC8D820A28}.Release|Any CPU.ActiveCfg = Release|Any CPU
		{978BECEF-5217-4531-B0B7-45BC8D820A28}.Release|Any CPU.Build.0 = Release|Any CPU
		{B7A5DDB0-5F43-49D0-A047-D0D26626BE30}.Debug|Any CPU.ActiveCfg = Debug|Any CPU
		{B7A5DDB0-5F43-49D0-A047-D0D26626BE30}.Debug|Any CPU.Build.0 = Debug|Any CPU
		{B7A5DDB0-5F43-49D0-A047-D0D26626BE30}.Release|Any CPU.ActiveCfg = Release|Any CPU
		{B7A5DDB0-5F43-49D0-A047-D0D26626BE30}.Release|Any CPU.Build.0 = Release|Any CPU
		{EBC13ACA-717D-4635-920A-5E0E211B0CF4}.Debug|Any CPU.ActiveCfg = Debug|Any CPU
		{EBC13ACA-717D-4635-920A-5E0E211B0CF4}.Debug|Any CPU.Build.0 = Debug|Any CPU
		{EBC13ACA-717D-4635-920A-5E0E211B0CF4}.Release|Any CPU.ActiveCfg = Release|Any CPU
		{EBC13ACA-717D-4635-920A-5E0E211B0CF4}.Release|Any CPU.Build.0 = Release|Any CPU
	EndGlobalSection
	GlobalSection(SolutionProperties) = preSolution
		HideSolutionNode = FALSE
	EndGlobalSection
	GlobalSection(NestedProjects) = preSolution
		{17F32115-0300-4842-8328-395AB56F6BD7} = {9FA6D327-728B-4436-AE3A-9E46D8FEF591}
		{72DE3CB9-195E-4740-9416-5960D75ED795} = {FAB2137C-1DBA-4F2F-8E22-DF3521C9B365}
		{42F7C4F7-3BB3-4DC8-8285-9DFF7E93BC4B} = {0544806B-3BB4-43CF-8277-BC612F32208D}
		{57AC0130-0D5F-489A-A565-B41EF9928085} = {9FA6D327-728B-4436-AE3A-9E46D8FEF591}
		{BA40E541-3BCD-438A-B966-2FC7BE80AB80} = {FAB2137C-1DBA-4F2F-8E22-DF3521C9B365}
		{C492C048-732F-4F0D-AC09-03F3187ABB17} = {9FA6D327-728B-4436-AE3A-9E46D8FEF591}
		{978BECEF-5217-4531-B0B7-45BC8D820A28} = {FAB2137C-1DBA-4F2F-8E22-DF3521C9B365}
		{B7A5DDB0-5F43-49D0-A047-D0D26626BE30} = {9FA6D327-728B-4436-AE3A-9E46D8FEF591}
		{EBC13ACA-717D-4635-920A-5E0E211B0CF4} = {FAB2137C-1DBA-4F2F-8E22-DF3521C9B365}
	EndGlobalSection
	GlobalSection(ExtensibilityGlobals) = postSolution
		SolutionGuid = {84B77761-6B9E-46BA-B132-6C77B0B6E4FA}
	EndGlobalSection
EndGlobal
